{
  "nodes": {
    "nixpkgs": {
      "locked": {
<<<<<<< HEAD
        "lastModified": 1742512142,
        "narHash": "sha256-8XfURTDxOm6+33swQJu/hx6xw1Tznl8vJJN5HwVqckg=",
        "rev": "7105ae3957700a9646cc4b766f5815b23ed0c682",
        "revCount": 715908,
        "type": "tarball",
        "url": "https://api.flakehub.com/f/pinned/NixOS/nixpkgs/0.2411.715908%2Brev-7105ae3957700a9646cc4b766f5815b23ed0c682/0195b8ff-82a6-7d19-b362-1f70dcb1c7f7/source.tar.gz"
=======
        "lastModified": 1742751704,
        "narHash": "sha256-rBfc+H1dDBUQ2mgVITMGBPI1PGuCznf9rcWX/XIULyE=",
        "rev": "f0946fa5f1fb876a9dc2e1850d9d3a4e3f914092",
        "revCount": 716027,
        "type": "tarball",
        "url": "https://api.flakehub.com/f/pinned/NixOS/nixpkgs/0.2411.716027%2Brev-f0946fa5f1fb876a9dc2e1850d9d3a4e3f914092/0195c6e2-c99a-7cba-bb2f-adcbfb8b5c71/source.tar.gz"
>>>>>>> 0199a31b2 (fixup: Update to latest flake version and add k9s)
      },
      "original": {
        "type": "tarball",
        "url": "https://flakehub.com/f/NixOS/nixpkgs/0.2411.%2A.tar.gz"
      }
    },
    "root": {
      "inputs": {
        "nixpkgs": "nixpkgs"
      }
    }
  },
  "root": "root",
  "version": 7
}
